
Microsoft Visual Studio Solution File, Format Version 12.00
# Visual Studio Version 17
VisualStudioVersion = 17.0.31903.59
MinimumVisualStudioVersion = 10.0.40219.1
Project("{2150E333-8FDC-42A3-9474-1A3956D46DE8}") = "src", "src", "{6119050C-5AFA-489F-AE89-F29DBB2077EB}"
EndProject
Project("{FAE04EC0-301F-11D3-BF4B-00C04F79EFBC}") = "I.Web", "src\I.Web\I.Web.csproj", "{96A7693C-6904-4B89-969D-5C29B28F6BE1}"
EndProject
Project("{FAE04EC0-301F-11D3-BF4B-00C04F79EFBC}") = "I.WebApp", "src\I.WebApp\I.WebApp.csproj", "{8AD15E88-9737-4DFA-AA42-96DD3A965548}"
EndProject
Project("{FAE04EC0-301F-11D3-BF4B-00C04F79EFBC}") = "I.Service", "src\I.Service\I.Service.csproj", "{C391165B-60FA-4E5E-8193-82B9A089990C}"
EndProject
Project("{FAE04EC0-301F-11D3-BF4B-00C04F79EFBC}") = "I.Common", "src\I.Common\I.Common.csproj", "{0B13E60E-4E16-4B24-A102-78D56A188CF8}"
EndProject
Project("{2150E333-8FDC-42A3-9474-1A3956D46DE8}") = "Integrator", "Integrator", "{8935C20A-92F4-542C-D841-D95305FC7D7E}"
EndProject
Project("{FAE04EC0-301F-11D3-BF4B-00C04F79EFBC}") = "I.HH", "src\Integrator\I.HH\I.HH.csproj", "{88949408-A637-4B5C-957B-B156C20DCE44}"
EndProject
Project("{2150E333-8FDC-42A3-9474-1A3956D46DE8}") = "Main", "Main", "{774D6EFE-07BC-9C3D-FE7E-369D639F71B5}"
EndProject
Project("{FAE04EC0-301F-11D3-BF4B-00C04F79EFBC}") = "I.Domain", "src\Main\I.Domain\I.Domain.csproj", "{9A9C9880-F664-4DA2-9960-639E1260BD1E}"
EndProject
Project("{2150E333-8FDC-42A3-9474-1A3956D46DE8}") = "Migrations", "Migrations", "{9CD30957-E674-8EBD-C837-31FEFD146998}"
EndProject
Project("{FAE04EC0-301F-11D3-BF4B-00C04F79EFBC}") = "I.HH.WorkerHost", "src\Integrator\I.HH.WorkerHost\I.HH.WorkerHost.csproj", "{ED2DFA78-C20B-4730-B7F7-EAF733D0B925}"
EndProject
Project("{FAE04EC0-301F-11D3-BF4B-00C04F79EFBC}") = "I.Migrations", "src\Migrations\I.Migrations\I.Migrations.csproj", "{4EEED090-772C-4C47-9D68-5CB72BCF4BB8}"
EndProject
Project("{2150E333-8FDC-42A3-9474-1A3956D46DE8}") = "Core", "Core", "{D4360132-ED4F-4134-A46A-9E936C8849AF}"
EndProject
Project("{FAE04EC0-301F-11D3-BF4B-00C04F79EFBC}") = "KafkaWorker", "src\Core\KafkaWorker\KafkaWorker.csproj", "{66B64D07-2125-4F0B-94FB-6E42FE1F9115}"
EndProject
Global
	GlobalSection(SolutionConfigurationPlatforms) = preSolution
		Debug|Any CPU = Debug|Any CPU
		Release|Any CPU = Release|Any CPU
	EndGlobalSection
	GlobalSection(ProjectConfigurationPlatforms) = postSolution
		{96A7693C-6904-4B89-969D-5C29B28F6BE1}.Debug|Any CPU.ActiveCfg = Debug|Any CPU
		{96A7693C-6904-4B89-969D-5C29B28F6BE1}.Debug|Any CPU.Build.0 = Debug|Any CPU
		{96A7693C-6904-4B89-969D-5C29B28F6BE1}.Release|Any CPU.ActiveCfg = Release|Any CPU
		{96A7693C-6904-4B89-969D-5C29B28F6BE1}.Release|Any CPU.Build.0 = Release|Any CPU
		{8AD15E88-9737-4DFA-AA42-96DD3A965548}.Debug|Any CPU.ActiveCfg = Debug|Any CPU
		{8AD15E88-9737-4DFA-AA42-96DD3A965548}.Debug|Any CPU.Build.0 = Debug|Any CPU
		{8AD15E88-9737-4DFA-AA42-96DD3A965548}.Release|Any CPU.ActiveCfg = Release|Any CPU
		{8AD15E88-9737-4DFA-AA42-96DD3A965548}.Release|Any CPU.Build.0 = Release|Any CPU
		{C391165B-60FA-4E5E-8193-82B9A089990C}.Debug|Any CPU.ActiveCfg = Debug|Any CPU
		{C391165B-60FA-4E5E-8193-82B9A089990C}.Debug|Any CPU.Build.0 = Debug|Any CPU
		{C391165B-60FA-4E5E-8193-82B9A089990C}.Release|Any CPU.ActiveCfg = Release|Any CPU
		{C391165B-60FA-4E5E-8193-82B9A089990C}.Release|Any CPU.Build.0 = Release|Any CPU
		{0B13E60E-4E16-4B24-A102-78D56A188CF8}.Debug|Any CPU.ActiveCfg = Debug|Any CPU
		{0B13E60E-4E16-4B24-A102-78D56A188CF8}.Debug|Any CPU.Build.0 = Debug|Any CPU
		{0B13E60E-4E16-4B24-A102-78D56A188CF8}.Release|Any CPU.ActiveCfg = Release|Any CPU
		{0B13E60E-4E16-4B24-A102-78D56A188CF8}.Release|Any CPU.Build.0 = Release|Any CPU
		{88949408-A637-4B5C-957B-B156C20DCE44}.Debug|Any CPU.ActiveCfg = Debug|Any CPU
		{88949408-A637-4B5C-957B-B156C20DCE44}.Debug|Any CPU.Build.0 = Debug|Any CPU
		{88949408-A637-4B5C-957B-B156C20DCE44}.Release|Any CPU.ActiveCfg = Release|Any CPU
		{88949408-A637-4B5C-957B-B156C20DCE44}.Release|Any CPU.Build.0 = Release|Any CPU
		{9A9C9880-F664-4DA2-9960-639E1260BD1E}.Debug|Any CPU.ActiveCfg = Debug|Any CPU
		{9A9C9880-F664-4DA2-9960-639E1260BD1E}.Debug|Any CPU.Build.0 = Debug|Any CPU
		{9A9C9880-F664-4DA2-9960-639E1260BD1E}.Release|Any CPU.ActiveCfg = Release|Any CPU
		{9A9C9880-F664-4DA2-9960-639E1260BD1E}.Release|Any CPU.Build.0 = Release|Any CPU
		{ED2DFA78-C20B-4730-B7F7-EAF733D0B925}.Debug|Any CPU.ActiveCfg = Debug|Any CPU
		{ED2DFA78-C20B-4730-B7F7-EAF733D0B925}.Debug|Any CPU.Build.0 = Debug|Any CPU
		{ED2DFA78-C20B-4730-B7F7-EAF733D0B925}.Release|Any CPU.ActiveCfg = Release|Any CPU
		{ED2DFA78-C20B-4730-B7F7-EAF733D0B925}.Release|Any CPU.Build.0 = Release|Any CPU
		{4EEED090-772C-4C47-9D68-5CB72BCF4BB8}.Debug|Any CPU.ActiveCfg = Debug|Any CPU
		{4EEED090-772C-4C47-9D68-5CB72BCF4BB8}.Debug|Any CPU.Build.0 = Debug|Any CPU
		{4EEED090-772C-4C47-9D68-5CB72BCF4BB8}.Release|Any CPU.ActiveCfg = Release|Any CPU
		{4EEED090-772C-4C47-9D68-5CB72BCF4BB8}.Release|Any CPU.Build.0 = Release|Any CPU
		{66B64D07-2125-4F0B-94FB-6E42FE1F9115}.Debug|Any CPU.ActiveCfg = Debug|Any CPU
		{66B64D07-2125-4F0B-94FB-6E42FE1F9115}.Debug|Any CPU.Build.0 = Debug|Any CPU
		{66B64D07-2125-4F0B-94FB-6E42FE1F9115}.Release|Any CPU.ActiveCfg = Release|Any CPU
		{66B64D07-2125-4F0B-94FB-6E42FE1F9115}.Release|Any CPU.Build.0 = Release|Any CPU
	EndGlobalSection
	GlobalSection(SolutionProperties) = preSolution
		HideSolutionNode = FALSE
	EndGlobalSection
	GlobalSection(NestedProjects) = preSolution
		{96A7693C-6904-4B89-969D-5C29B28F6BE1} = {6119050C-5AFA-489F-AE89-F29DBB2077EB}
		{8AD15E88-9737-4DFA-AA42-96DD3A965548} = {6119050C-5AFA-489F-AE89-F29DBB2077EB}
		{C391165B-60FA-4E5E-8193-82B9A089990C} = {6119050C-5AFA-489F-AE89-F29DBB2077EB}
		{0B13E60E-4E16-4B24-A102-78D56A188CF8} = {6119050C-5AFA-489F-AE89-F29DBB2077EB}
		{8935C20A-92F4-542C-D841-D95305FC7D7E} = {6119050C-5AFA-489F-AE89-F29DBB2077EB}
		{88949408-A637-4B5C-957B-B156C20DCE44} = {8935C20A-92F4-542C-D841-D95305FC7D7E}
		{774D6EFE-07BC-9C3D-FE7E-369D639F71B5} = {6119050C-5AFA-489F-AE89-F29DBB2077EB}
		{9A9C9880-F664-4DA2-9960-639E1260BD1E} = {774D6EFE-07BC-9C3D-FE7E-369D639F71B5}
		{9CD30957-E674-8EBD-C837-31FEFD146998} = {6119050C-5AFA-489F-AE89-F29DBB2077EB}
		{ED2DFA78-C20B-4730-B7F7-EAF733D0B925} = {8935C20A-92F4-542C-D841-D95305FC7D7E}
		{4EEED090-772C-4C47-9D68-5CB72BCF4BB8} = {9CD30957-E674-8EBD-C837-31FEFD146998}
		{D4360132-ED4F-4134-A46A-9E936C8849AF} = {6119050C-5AFA-489F-AE89-F29DBB2077EB}
		{66B64D07-2125-4F0B-94FB-6E42FE1F9115} = {D4360132-ED4F-4134-A46A-9E936C8849AF}
	EndGlobalSection
EndGlobal
